
Microsoft Visual Studio Solution File, Format Version 12.00
# Visual Studio Version 17
VisualStudioVersion = 17.9.34622.214
MinimumVisualStudioVersion = 10.0.40219.1
Project("{888888A0-9F3D-457C-B088-3A5042F75D52}") = "SaltAndPepperNoisePython", "SaltAndPepperNoisePython.pyproj", "{B54CEEE4-6786-4FD4-97CF-5D5F6E1EFCDE}"
EndProject
Global
	GlobalSection(SolutionConfigurationPlatforms) = preSolution
		Debug|Any CPU = Debug|Any CPU
		Release|Any CPU = Release|Any CPU
	EndGlobalSection
	GlobalSection(ProjectConfigurationPlatforms) = postSolution
		{B54CEEE4-6786-4FD4-97CF-5D5F6E1EFCDE}.Debug|Any CPU.ActiveCfg = Debug|Any CPU
		{B54CEEE4-6786-4FD4-97CF-5D5F6E1EFCDE}.Release|Any CPU.ActiveCfg = Release|Any CPU
	EndGlobalSection
	GlobalSection(SolutionProperties) = preSolution
		HideSolutionNode = FALSE
	EndGlobalSection
	GlobalSection(ExtensibilityGlobals) = postSolution
		SolutionGuid = {B9F7395D-3F49-4822-886E-47DCA84E943F}
	EndGlobalSection
EndGlobal
